
Microsoft Visual Studio Solution File, Format Version 12.00
# Visual Studio Version 17
VisualStudioVersion = 17.1.32228.430
MinimumVisualStudioVersion = 10.0.40219.1
Project("{9A19103F-16F7-4668-BE54-9A1E7A4F7556}") = "Fiap.BRQ.Api", "src\Fiap.BRQ.Api\Fiap.BRQ.Api.csproj", "{8D5B782A-5258-4006-8806-791964BF46CE}"
EndProject
Project("{9A19103F-16F7-4668-BE54-9A1E7A4F7556}") = "Fiap.BRQ.Application", "src\Fiap.BRQ.Application\Fiap.BRQ.Application.csproj", "{77CE7520-A00B-4FD9-AC0F-F1CE6749BC23}"
EndProject
Project("{9A19103F-16F7-4668-BE54-9A1E7A4F7556}") = "Fiap.BRQ.Core", "src\Fiap.BRQ.Core\Fiap.BRQ.Core.csproj", "{C8382F88-0C07-4B37-8937-5169CF03B00B}"
EndProject
Project("{9A19103F-16F7-4668-BE54-9A1E7A4F7556}") = "Fiap.BRQ.Data", "src\Fiap.BRQ.Data\Fiap.BRQ.Data.csproj", "{8FB3E287-CDE8-4B25-908B-3F0A4E807F5F}"
EndProject
Project("{9A19103F-16F7-4668-BE54-9A1E7A4F7556}") = "Fiap.BRQ.Infrastructure", "src\Fiap.BRQ.Infrastructure\Fiap.BRQ.Infrastructure.csproj", "{58606EC2-20C7-42F1-A1BA-28ACB74625BB}"
EndProject
Project("{9A19103F-16F7-4668-BE54-9A1E7A4F7556}") = "FIap.BRQ.CrossCutting", "src\FIap.BRQ.CrossCutting\FIap.BRQ.CrossCutting.csproj", "{41248055-9C6B-49ED-B36B-848E3B836322}"
EndProject
Global
	GlobalSection(SolutionConfigurationPlatforms) = preSolution
		Debug|Any CPU = Debug|Any CPU
		Release|Any CPU = Release|Any CPU
	EndGlobalSection
	GlobalSection(ProjectConfigurationPlatforms) = postSolution
		{8D5B782A-5258-4006-8806-791964BF46CE}.Debug|Any CPU.ActiveCfg = Debug|Any CPU
		{8D5B782A-5258-4006-8806-791964BF46CE}.Debug|Any CPU.Build.0 = Debug|Any CPU
		{8D5B782A-5258-4006-8806-791964BF46CE}.Release|Any CPU.ActiveCfg = Release|Any CPU
		{8D5B782A-5258-4006-8806-791964BF46CE}.Release|Any CPU.Build.0 = Release|Any CPU
		{77CE7520-A00B-4FD9-AC0F-F1CE6749BC23}.Debug|Any CPU.ActiveCfg = Debug|Any CPU
		{77CE7520-A00B-4FD9-AC0F-F1CE6749BC23}.Debug|Any CPU.Build.0 = Debug|Any CPU
		{77CE7520-A00B-4FD9-AC0F-F1CE6749BC23}.Release|Any CPU.ActiveCfg = Release|Any CPU
		{77CE7520-A00B-4FD9-AC0F-F1CE6749BC23}.Release|Any CPU.Build.0 = Release|Any CPU
		{C8382F88-0C07-4B37-8937-5169CF03B00B}.Debug|Any CPU.ActiveCfg = Debug|Any CPU
		{C8382F88-0C07-4B37-8937-5169CF03B00B}.Debug|Any CPU.Build.0 = Debug|Any CPU
		{C8382F88-0C07-4B37-8937-5169CF03B00B}.Release|Any CPU.ActiveCfg = Release|Any CPU
		{C8382F88-0C07-4B37-8937-5169CF03B00B}.Release|Any CPU.Build.0 = Release|Any CPU
		{8FB3E287-CDE8-4B25-908B-3F0A4E807F5F}.Debug|Any CPU.ActiveCfg = Debug|Any CPU
		{8FB3E287-CDE8-4B25-908B-3F0A4E807F5F}.Debug|Any CPU.Build.0 = Debug|Any CPU
		{8FB3E287-CDE8-4B25-908B-3F0A4E807F5F}.Release|Any CPU.ActiveCfg = Release|Any CPU
		{8FB3E287-CDE8-4B25-908B-3F0A4E807F5F}.Release|Any CPU.Build.0 = Release|Any CPU
		{58606EC2-20C7-42F1-A1BA-28ACB74625BB}.Debug|Any CPU.ActiveCfg = Debug|Any CPU
		{58606EC2-20C7-42F1-A1BA-28ACB74625BB}.Debug|Any CPU.Build.0 = Debug|Any CPU
		{58606EC2-20C7-42F1-A1BA-28ACB74625BB}.Release|Any CPU.ActiveCfg = Release|Any CPU
		{58606EC2-20C7-42F1-A1BA-28ACB74625BB}.Release|Any CPU.Build.0 = Release|Any CPU
		{41248055-9C6B-49ED-B36B-848E3B836322}.Debug|Any CPU.ActiveCfg = Debug|Any CPU
		{41248055-9C6B-49ED-B36B-848E3B836322}.Debug|Any CPU.Build.0 = Debug|Any CPU
		{41248055-9C6B-49ED-B36B-848E3B836322}.Release|Any CPU.ActiveCfg = Release|Any CPU
		{41248055-9C6B-49ED-B36B-848E3B836322}.Release|Any CPU.Build.0 = Release|Any CPU
	EndGlobalSection
	GlobalSection(SolutionProperties) = preSolution
		HideSolutionNode = FALSE
	EndGlobalSection
	GlobalSection(ExtensibilityGlobals) = postSolution
		SolutionGuid = {3C445203-FB59-4C54-B70D-4CBD37D49179}
	EndGlobalSection
EndGlobal
